
Microsoft Visual Studio Solution File, Format Version 12.00
# Visual Studio Version 16
VisualStudioVersion = 16.0.31702.278
MinimumVisualStudioVersion = 10.0.40219.1
Project("{FAE04EC0-301F-11D3-BF4B-00C04F79EFBC}") = "Lab22HomeWork22", "Lab22HomeWork22\Lab22HomeWork22.csproj", "{11D6F6E9-C457-4A07-AE58-500B0FAA8585}"
EndProject
Global
	GlobalSection(SolutionConfigurationPlatforms) = preSolution
		Debug|Any CPU = Debug|Any CPU
		Release|Any CPU = Release|Any CPU
	EndGlobalSection
	GlobalSection(ProjectConfigurationPlatforms) = postSolution
		{11D6F6E9-C457-4A07-AE58-500B0FAA8585}.Debug|Any CPU.ActiveCfg = Debug|Any CPU
		{11D6F6E9-C457-4A07-AE58-500B0FAA8585}.Debug|Any CPU.Build.0 = Debug|Any CPU
		{11D6F6E9-C457-4A07-AE58-500B0FAA8585}.Release|Any CPU.ActiveCfg = Release|Any CPU
		{11D6F6E9-C457-4A07-AE58-500B0FAA8585}.Release|Any CPU.Build.0 = Release|Any CPU
	EndGlobalSection
	GlobalSection(SolutionProperties) = preSolution
		HideSolutionNode = FALSE
	EndGlobalSection
	GlobalSection(ExtensibilityGlobals) = postSolution
		SolutionGuid = {8B4DF0C9-BB27-427D-B932-5E43816E9FD7}
	EndGlobalSection
EndGlobal
